
Microsoft Visual Studio Solution File, Format Version 12.00
# Visual Studio Version 17
VisualStudioVersion = 17.7.34202.233
MinimumVisualStudioVersion = 10.0.40219.1
Project("{9A19103F-16F7-4668-BE54-9A1E7A4F7556}") = "WebApiAutoresConStartup", "WebApiAutoresConStartup\WebApiAutoresConStartup.csproj", "{DCEB7A33-BC97-4511-BDAC-8C5008106CCB}"
EndProject
Project("{FAE04EC0-301F-11D3-BF4B-00C04F79EFBC}") = "WebApiAutoresConStartup.Test", "WebApiAutoresConStartup.Test\WebApiAutoresConStartup.Test.csproj", "{AA97CFF0-84F4-4945-9C6E-E4D7C704012C}"
EndProject
Global
	GlobalSection(SolutionConfigurationPlatforms) = preSolution
		Debug|Any CPU = Debug|Any CPU
		Release|Any CPU = Release|Any CPU
	EndGlobalSection
	GlobalSection(ProjectConfigurationPlatforms) = postSolution
		{DCEB7A33-BC97-4511-BDAC-8C5008106CCB}.Debug|Any CPU.ActiveCfg = Debug|Any CPU
		{DCEB7A33-BC97-4511-BDAC-8C5008106CCB}.Debug|Any CPU.Build.0 = Debug|Any CPU
		{DCEB7A33-BC97-4511-BDAC-8C5008106CCB}.Release|Any CPU.ActiveCfg = Release|Any CPU
		{DCEB7A33-BC97-4511-BDAC-8C5008106CCB}.Release|Any CPU.Build.0 = Release|Any CPU
		{AA97CFF0-84F4-4945-9C6E-E4D7C704012C}.Debug|Any CPU.ActiveCfg = Debug|Any CPU
		{AA97CFF0-84F4-4945-9C6E-E4D7C704012C}.Debug|Any CPU.Build.0 = Debug|Any CPU
		{AA97CFF0-84F4-4945-9C6E-E4D7C704012C}.Release|Any CPU.ActiveCfg = Release|Any CPU
		{AA97CFF0-84F4-4945-9C6E-E4D7C704012C}.Release|Any CPU.Build.0 = Release|Any CPU
	EndGlobalSection
	GlobalSection(SolutionProperties) = preSolution
		HideSolutionNode = FALSE
	EndGlobalSection
	GlobalSection(ExtensibilityGlobals) = postSolution
		SolutionGuid = {8576B63D-5AE4-437E-8A47-80ADA1102D64}
	EndGlobalSection
EndGlobal
